github.com/beorn7/perks v1.0.1 h1:VlbKKnNfV8bJzeqoa4cOKqO6bYr3WgKZxO8Z16+hsOM=
github.com/beorn7/perks v1.0.1/go.mod h1:G2ZrVWU2WbWT9wwq4/hrbKbnv/1ERSJQ0ibhJ6rlkpw=
github.com/cespare/xxhash/v2 v2.3.0 h1:UL815xU9SqsFlibzuggzjXhog7bL6oX9BbNZnL2UFvs=
github.com/cespare/xxhash/v2 v2.3.0/go.mod h1:VGX0DQ3Q6kWi7AoAeZDth3/j3BFtOZR5XLFGgcrjCOs=
github.com/cplieger/envx/v2 v2.0.1 h1:s++DgE8adtWOElrNFRaHield1FNSLJzJqRWLHgRPWLg=
github.com/cplieger/envx/v2 v2.0.1/go.mod h1:kKvTj6k8bxlYS2CtuF/7Go9zIe7qJYpMzckZNk8ucJc=
github.com/cplieger/health v1.6.0 h1:qgzslmEVq8asgMkEZ25arRZPazJRWsN7E8XJ6KgxMpg=
github.com/cplieger/health v1.6.0/go.mod h1:fGHTssNQpl2EjqRLxgs3n7bbj94gD5HDgi1KEk8cN0Q=
github.com/cplieger/httpx/v5 v5.0.2 h1:v7azlVn+Sji3Kti1VANCkF+IGqslqP5C9QjsiZEPVoE=
github.com/cplieger/httpx/v5 v5.0.2/go.mod h1:3ap2CAq592k7smKhe3lWrwklthtmJ6L4cIWMTMM8O10=
github.com/cplieger/pathinside/v2 v2.0.0 h1:UZxSiu3UBCCs+Xe0+Of+oTLyzL+4wchKO2tShGxK8b8=
github.com/cplieger/pathinside/v2 v2.0.0/go.mod h1:XuMYE6rO3te8Yf6Zcy35PLMgDcWaIz3RglJatWPhHnU=
github.com/cplieger/plexapi/v2 v2.0.5 h1:r/STp87nBL7z72Cj12/KpthN9YFBx5U6y4TauSL6K+k=
github.com/cplieger/plexapi/v2 v2.0.5/go.mod h1:/l20cQoM496w2vq4WaDW/DKC0ZkZ5B2BjBvB3oJzEAY=
github.com/cplieger/runesafe/v2 v2.0.0 h1:jEkFU2dbDxKLwgHag6l3gbSLpRNfkD8mMsdiCgu56wY=
github.com/cplieger/runesafe/v2 v2.0.0/go.mod h1:X3avIOn44UaASh8QEhXDIKNWA4HLmSAZYWywNwpOYyE=
github.com/cplieger/slogx v1.6.3 h1:1W8DxUwovnfbL1wjthdELHhw2gFH1FXaUcG34KjefIw=
github.com/cplieger/slogx v1.6.3/go.mod h1:KW/UCGyMK3grILRvcU4Zloawb27C13cLN5HQ7ZLNS5Q=
github.com/cplieger/webhttp/v2 v2.0.2 h1:55fv7cuiF7GAjQAC1UZv7Jvi6cFCYvpUlKABlf4QKDU=
github.com/cplieger/webhttp/v2 v2.0.2/go.mod h1:63pP3oJEpsk2kEAonLuxjDh6V4IR5bO06N575hvuNag=
github.com/cplieger/xmlx v1.0.3 h1:87QKhDL+faCq91/7Z6hsgrbulzerBXV8qg+QbEiF9iA=
github.com/cplieger/xmlx v1.0.3/go.mod h1:XHO9ocyMAcW6h9pWimId+k6DPLJmxd9YN7Q4JX1hSvA=
github.com/google/go-cmp v0.7.0 h1:wk8382ETsv4JYUZwIsn6YpYiWiBsYLSJiTsyBybVuN8=
github.com/google/go-cmp v0.7.0/go.mod h1:pXiqmnSA92OHEEa9HXL2W4E7lf9JzCmGVUdgjX3N/iU=
github.com/klauspost/compress v1.19.1 h1:VsB4HPswih7mmZ8WleSFQ75c/Ui1M4trX5oAsJnhSlk=
github.com/klauspost/compress v1.19.1/go.mod h1:cwPg85FWrGar70rWktvGQj8/hthj3wpl0PGDogxkrSQ=
github.com/kylelemons/godebug v1.1.0 h1:RPNrshWIDI6G2gRW9EHilWtl7Z6Sb1BR0xunSBf0SNc=
github.com/kylelemons/godebug v1.1.0/go.mod h1:9/0rRGxNHcop5bhtWyNeEfOS8JIWk580+fNqagV/RAw=
github.com/munnerz/goautoneg v0.0.0-20191010083416-a7dc8b61c822 h1:C3w9PqII01/Oq1c1nUAm88MOHcQC9l5mIlSMApZMrHA=
github.com/munnerz/goautoneg v0.0.0-20191010083416-a7dc8b61c822/go.mod h1:+n7T8mK8HuQTcFwEeznm/DIxMOiR9yIdICNftLE1DvQ=
github.com/prometheus/client_golang v1.24.1 h1:JnJkREXzWxUdCuPFpIWZiPispT9xVV59uiuyR2bPlnU=
github.com/prometheus/client_golang v1.24.1/go.mod h1:F+oSRECHg4sse5ucfYpYDeIv/hu68Zo0uoHKetWnzcE=
github.com/prometheus/client_model v0.6.3 h1:O0jaTVAYNxTHYInEPFJt5I3+sN8zqBtVMPTB1qyxiEo=
github.com/prometheus/client_model v0.6.3/go.mod h1:gpN5P9S7Rr6Yr92PiQ+Ixvhf6JZEkF1dnxsYL2aPBEM=
github.com/prometheus/common v0.71.0 h1:9KDAKb7Mj3HEVKyFCK6Dc/HIwlBzZIN2l7/lrHl3KK8=
github.com/prometheus/common v0.71.0/go.mod h1:CLJ5H8TEsGX8bl31BdMkfhIZ+QmZ9tBPPotUxUbfcmk=
github.com/prometheus/procfs v0.22.0 h1:6q9+/JL9IKAPbCmBrv9n5O5Ty3NKnciV5X7YGw0oics=
github.com/prometheus/procfs v0.22.0/go.mod h1:CvmFr/GVhIjIvWJZW3tgkODBQMRIf0EyWMQLHCHab58=
github.com/stretchr/testify v1.12.1 h1:EuwCh5fleGS7H32xRwO3wRGT7DxrDhLAT6FF8MpWDWE=
github.com/stretchr/testify v1.12.1/go.mod h1:MDEgiDPPsNp5cuIrHPPCyornHKgEVbtFUmoNlxoYthg=
go.uber.org/goleak v1.3.0 h1:2K3zAYmnTNqV73imy9J1T3WC+gmCePx2hEGkimedGto=
go.uber.org/goleak v1.3.0/go.mod h1:CoHD4mav9JJNrW/WLlf7HGZPjdw8EucARQHekz1X6bE=
go.yaml.in/yaml/v2 v2.4.4 h1:tuyd0P+2Ont/d6e2rl3be67goVK4R6deVxCUX5vyPaQ=
go.yaml.in/yaml/v2 v2.4.4/go.mod h1:gMZqIpDtDqOfM0uNfy0SkpRhvUryYH0Z6wdMYcacYXQ=
go.yaml.in/yaml/v3 v3.0.5 h1:N6y/pJk8buWs9NY5ERU2HSMfm+IuD/OtfdAnq6kESPw=
go.yaml.in/yaml/v3 v3.0.5/go.mod h1:HVTZu1O7/Vkt2N+BFy8Zza+lnLsABggaTM2ZpNIGuKg=
golang.org/x/sync v0.22.0 h1:SZjpbeLmrCk4xhRSZFNZW5gFUeCeFgjekvI/+gfScek=
golang.org/x/sync v0.22.0/go.mod h1:9xrNwdLfx4jkKbNva9FpL6vEN7evnE43NNNJQ2LF3+0=
golang.org/x/sys v0.47.0 h1:o7XGOvZQCADBQQ4Y7VNq2dRWQR7JmOUW8Kxx4ZsNgWs=
golang.org/x/sys v0.47.0/go.mod h1:4GL1E5IUh+htKOUEOaiffhrAeqysfVGipDYzABqnCmw=
google.golang.org/protobuf v1.36.12 h1:pJOKDDOyeXErUroCihFAd5LQuwXBSpVnKGrj5o/fwxc=
google.golang.org/protobuf v1.36.12/go.mod h1:HTf+CrKn2C3g5S8VImy6tdcUvCska2kB7j23XfzDpco=
pgregory.net/rapid v1.3.0 h1:vBvO0VSqti75J1jjYqpgPNBLKMd1+gxa9fYo7vk/Exc=
pgregory.net/rapid v1.3.0/go.mod h1:dPlE4OBBxgXPqkP79flB6sJL1dx5azpI7HQ9MY9Z7uk=
