github.com/beorn7/perks v1.0.1 h1:VlbKKnNfV8bJzeqoa4cOKqO6bYr3WgKZxO8Z16+hsOM=
github.com/beorn7/perks v1.0.1/go.mod h1:G2ZrVWU2WbWT9wwq4/hrbKbnv/1ERSJQ0ibhJ6rlkpw=
github.com/cespare/xxhash/v2 v2.3.0 h1:UL815xU9SqsFlibzuggzjXhog7bL6oX9BbNZnL2UFvs=
github.com/cespare/xxhash/v2 v2.3.0/go.mod h1:VGX0DQ3Q6kWi7AoAeZDth3/j3BFtOZR5XLFGgcrjCOs=
github.com/cplieger/envx/v2 v2.0.7 h1:psUbYc3N+71/3Jouy2Py1YX731B/EuAH56N+HBx0XJg=
github.com/cplieger/envx/v2 v2.0.7/go.mod h1:xMjvjS+CI1VcUzZyzGPyeNpCyfEDBN+6FzcY6OEyJBY=
github.com/cplieger/health v1.8.2 h1:diGNLq2UwTYpprTMJg0Dc5sd5l4Ec1wNFk1Ri8vaEGQ=
github.com/cplieger/health v1.8.2/go.mod h1:uiQm1zh3/7TGZffTX9W0p+GRTbVXfEM9POyWe1Rf0PU=
github.com/cplieger/httpx/v5 v5.0.5 h1:A2h/B2WJfjdGsY+r/jTID3Y86vY7Dfyg1DV+p77ili8=
github.com/cplieger/httpx/v5 v5.0.5/go.mod h1:+oL1fPTCSNuzy7HZEC2eCSirL+D3fh/AblvN/nQPSt0=
github.com/cplieger/pathinside/v2 v2.0.3 h1:g7V1tj/OHvHIaB0W2rwS3HvoaK2Mv5sZWf++tbz9+Fk=
github.com/cplieger/pathinside/v2 v2.0.3/go.mod h1:WmVoGiWfzmYnkpgGArhVtnGOmANMdGjFy0se76jmg9w=
github.com/cplieger/plexapi/v2 v2.2.0 h1:XRtf9ooAgZ4NaAgejsS8Pban7nOCarkaDKYe9hsn4qg=
github.com/cplieger/plexapi/v2 v2.2.0/go.mod h1:ZBHY+p26YfWkdGgBegPvJdfaCG75gUj2puv5mekN8gU=
github.com/cplieger/runesafe/v3 v3.0.0 h1:kswlOohhxhTqCLP/tATUqqoQvqXYVrcWjouRQE4EP3w=
github.com/cplieger/runesafe/v3 v3.0.0/go.mod h1:fRNhoxNxl4NHo4xkFyf5hePwPE7lGwcuGYN9MwyKZDU=
github.com/cplieger/slogx v1.6.7 h1:X0tViA7NGq0MtKlW2aIxyEP9khZX1n3OYethDXdJsHc=
github.com/cplieger/slogx v1.6.7/go.mod h1:OVpRiI3PBCUgA0uWdER654LNftjSDHbV/7PDYMoemTA=
github.com/cplieger/webhttp/v3 v3.0.2 h1:4eAHYipBy/4tdGUM0S9shdvjkX97Lw2bhulJ3z94cZE=
github.com/cplieger/webhttp/v3 v3.0.2/go.mod h1:pl50N8nFHBn/2Le+YTpXgSRdmtkS9dt26LRXl/X9uZc=
github.com/cplieger/xmlx v1.0.6 h1:oKsCEocYbKcWM/4+j+l+QlPv4Myvqj+HQ3X+j5naDns=
github.com/cplieger/xmlx v1.0.6/go.mod h1:xEEyT298GrLxVQlpzActoEDfOQW0lwBuedrjXBc4cw4=
github.com/google/go-cmp v0.7.0 h1:wk8382ETsv4JYUZwIsn6YpYiWiBsYLSJiTsyBybVuN8=
github.com/google/go-cmp v0.7.0/go.mod h1:pXiqmnSA92OHEEa9HXL2W4E7lf9JzCmGVUdgjX3N/iU=
github.com/klauspost/compress v1.20.1 h1:T7kKElXUMXrUJ2E9QhQhxFtcK5rPyLdsGZvdbLMPdiQ=
github.com/klauspost/compress v1.20.1/go.mod h1:LUdAzn7YLVvxLpc7y3V1m40wESHTgc1422pwwBSKYuI=
github.com/kylelemons/godebug v1.1.0 h1:RPNrshWIDI6G2gRW9EHilWtl7Z6Sb1BR0xunSBf0SNc=
github.com/kylelemons/godebug v1.1.0/go.mod h1:9/0rRGxNHcop5bhtWyNeEfOS8JIWk580+fNqagV/RAw=
github.com/munnerz/goautoneg v0.0.0-20191010083416-a7dc8b61c822 h1:C3w9PqII01/Oq1c1nUAm88MOHcQC9l5mIlSMApZMrHA=
github.com/munnerz/goautoneg v0.0.0-20191010083416-a7dc8b61c822/go.mod h1:+n7T8mK8HuQTcFwEeznm/DIxMOiR9yIdICNftLE1DvQ=
github.com/prometheus/client_golang v1.25.0 h1:cDtW1TcFsMi1RJc8khwCKB4VhzwV04aKqbYtNOXuiK0=
github.com/prometheus/client_golang v1.25.0/go.mod h1:j2X/4/kaQHLPnmyEU8zjmkndo1T317VpCIQEml8LTKk=
github.com/prometheus/client_model v0.6.3 h1:O0jaTVAYNxTHYInEPFJt5I3+sN8zqBtVMPTB1qyxiEo=
github.com/prometheus/client_model v0.6.3/go.mod h1:gpN5P9S7Rr6Yr92PiQ+Ixvhf6JZEkF1dnxsYL2aPBEM=
github.com/prometheus/common v0.72.0 h1:tAYsE+sPJxIncDAobm4H5aQjmox9ZxEIIqPbiffa8G4=
github.com/prometheus/common v0.72.0/go.mod h1:77NWqAQ2tXT7BIK40qjJdw5Acrsrg1TlHAnsQi3i6mk=
github.com/prometheus/procfs v0.22.0 h1:6q9+/JL9IKAPbCmBrv9n5O5Ty3NKnciV5X7YGw0oics=
github.com/prometheus/procfs v0.22.0/go.mod h1:CvmFr/GVhIjIvWJZW3tgkODBQMRIf0EyWMQLHCHab58=
github.com/stretchr/testify v1.12.1 h1:EuwCh5fleGS7H32xRwO3wRGT7DxrDhLAT6FF8MpWDWE=
github.com/stretchr/testify v1.12.1/go.mod h1:MDEgiDPPsNp5cuIrHPPCyornHKgEVbtFUmoNlxoYthg=
go.uber.org/goleak v1.3.0 h1:2K3zAYmnTNqV73imy9J1T3WC+gmCePx2hEGkimedGto=
go.uber.org/goleak v1.3.0/go.mod h1:CoHD4mav9JJNrW/WLlf7HGZPjdw8EucARQHekz1X6bE=
go.yaml.in/yaml/v2 v2.4.4 h1:tuyd0P+2Ont/d6e2rl3be67goVK4R6deVxCUX5vyPaQ=
go.yaml.in/yaml/v2 v2.4.4/go.mod h1:gMZqIpDtDqOfM0uNfy0SkpRhvUryYH0Z6wdMYcacYXQ=
go.yaml.in/yaml/v3 v3.0.5 h1:N6y/pJk8buWs9NY5ERU2HSMfm+IuD/OtfdAnq6kESPw=
go.yaml.in/yaml/v3 v3.0.5/go.mod h1:HVTZu1O7/Vkt2N+BFy8Zza+lnLsABggaTM2ZpNIGuKg=
golang.org/x/sync v0.24.0 h1:iqiDrGoDgyuvAKrhLQthUEzU/R378N78gXbBjxed7oA=
golang.org/x/sync v0.24.0/go.mod h1:sUUOizhqBxiL6pEWpqNLUiaJn1ShEbZ6BBqskPbjZm0=
golang.org/x/sys v0.49.0 h1:XbzkgYJHdqh/8m2Uu0W/dQv8nktxx4BFHp1M0gROTXA=
golang.org/x/sys v0.49.0/go.mod h1:hNLxWAXmnKAxqDtdwIYC4bM9oQPEecfsnNMuSxOs3og=
google.golang.org/protobuf v1.36.12 h1:pJOKDDOyeXErUroCihFAd5LQuwXBSpVnKGrj5o/fwxc=
google.golang.org/protobuf v1.36.12/go.mod h1:HTf+CrKn2C3g5S8VImy6tdcUvCska2kB7j23XfzDpco=
pgregory.net/rapid v1.3.0 h1:vBvO0VSqti75J1jjYqpgPNBLKMd1+gxa9fYo7vk/Exc=
pgregory.net/rapid v1.3.0/go.mod h1:dPlE4OBBxgXPqkP79flB6sJL1dx5azpI7HQ9MY9Z7uk=
